// !$*UTF8*$!
{
	archiveVersion = 1;
	classes = {
	};
	objectVersion = 46;
	objects = {

/* Begin PBXBuildFile section */
		CDA2230D1E235D2200B4E04D /* EmotionsViewController.swift in Sources */ = {isa = PBXBuildFile; fileRef = CDA2230C1E235D2200B4E04D /* EmotionsViewController.swift */; };
		CDA2230F1E24164900B4E04D /* VCL.swift in Sources */ = {isa = PBXBuildFile; fileRef = CDA2230E1E24164900B4E04D /* VCL.swift */; };
		CDA311AA1E22C9790065F83C /* FaceViewController.swift in Sources */ = {isa = PBXBuildFile; fileRef = CDA5777E1E1F324600E375F9 /* FaceViewController.swift */; };
		CDA311AB1E22C97C0065F83C /* FacialExpression.swift in Sources */ = {isa = PBXBuildFile; fileRef = CDA311A81E22C5C50065F83C /* FacialExpression.swift */; };
		CDA5777D1E1F324600E375F9 /* AppDelegate.swift in Sources */ = {isa = PBXBuildFile; fileRef = CDA5777C1E1F324600E375F9 /* AppDelegate.swift */; };
		CDA577821E1F324600E375F9 /* Main.storyboard in Resources */ = {isa = PBXBuildFile; fileRef = CDA577801E1F324600E375F9 /* Main.storyboard */; };
		CDA577841E1F324600E375F9 /* Assets.xcassets in Resources */ = {isa = PBXBuildFile; fileRef = CDA577831E1F324600E375F9 /* Assets.xcassets */; };
		CDA577871E1F324600E375F9 /* LaunchScreen.storyboard in Resources */ = {isa = PBXBuildFile; fileRef = CDA577851E1F324600E375F9 /* LaunchScreen.storyboard */; };
		CDA577901E1F332A00E375F9 /* FaceView.swift in Sources */ = {isa = PBXBuildFile; fileRef = CDA5778F1E1F332A00E375F9 /* FaceView.swift */; };
/* End PBXBuildFile section */

/* Begin PBXFileReference section */
		CDA2230C1E235D2200B4E04D /* EmotionsViewController.swift */ = {isa = PBXFileReference; fileEncoding = 4; lastKnownFileType = sourcecode.swift; path = EmotionsViewController.swift; sourceTree = "<group>"; };
		CDA2230E1E24164900B4E04D /* VCL.swift */ = {isa = PBXFileReference; fileEncoding = 4; lastKnownFileType = sourcecode.swift; path = VCL.swift; sourceTree = "<group>"; };
		CDA311A81E22C5C50065F83C /* FacialExpression.swift */ = {isa = PBXFileReference; fileEncoding = 4; lastKnownFileType = sourcecode.swift; path = FacialExpression.swift; sourceTree = "<group>"; };
		CDA577791E1F324600E375F9 /* FaceIt.app */ = {isa = PBXFileReference; explicitFileType = wrapper.application; includeInIndex = 0; path = FaceIt.app; sourceTree = BUILT_PRODUCTS_DIR; };
		CDA5777C1E1F324600E375F9 /* AppDelegate.swift */ = {isa = PBXFileReference; lastKnownFileType = sourcecode.swift; path = AppDelegate.swift; sourceTree = "<group>"; };
		CDA5777E1E1F324600E375F9 /* FaceViewController.swift */ = {isa = PBXFileReference; lastKnownFileType = sourcecode.swift; path = FaceViewController.swift; sourceTree = "<group>"; };
		CDA577811E1F324600E375F9 /* Base */ = {isa = PBXFileReference; lastKnownFileType = file.storyboard; name = Base; path = Base.lproj/Main.storyboard; sourceTree = "<group>"; };
		CDA577831E1F324600E375F9 /* Assets.xcassets */ = {isa = PBXFileReference; lastKnownFileType = folder.assetcatalog; path = Assets.xcassets; sourceTree = "<group>"; };
		CDA577861E1F324600E375F9 /* Base */ = {isa = PBXFileReference; lastKnownFileType = file.storyboard; name = Base; path = Base.lproj/LaunchScreen.storyboard; sourceTree = "<group>"; };
		CDA577881E1F324600E375F9 /* Info.plist */ = {isa = PBXFileReference; lastKnownFileType = text.plist.xml; path = Info.plist; sourceTree = "<group>"; };
		CDA5778F1E1F332A00E375F9 /* FaceView.swift */ = {isa = PBXFileReference; fileEncoding = 4; lastKnownFileType = sourcecode.swift; path = FaceView.swift; sourceTree = "<group>"; };
/* End PBXFileReference section */

/* Begin PBXFrameworksBuildPhase section */
		CDA577761E1F324600E375F9 /* Frameworks */ = {
			isa = PBXFrameworksBuildPhase;
			buildActionMask = 2147483647;
			files = (
			);
			runOnlyForDeploymentPostprocessing = 0;
		};
/* End PBXFrameworksBuildPhase section */

/* Begin PBXGroup section */
		CDA577701E1F324600E375F9 = {
			isa = PBXGroup;
			children = (
				CDA5777B1E1F324600E375F9 /* FaceIt */,
				CDA5777A1E1F324600E375F9 /* Products */,
			);
			sourceTree = "<group>";
		};
		CDA5777A1E1F324600E375F9 /* Products */ = {
			isa = PBXGroup;
			children = (
				CDA577791E1F324600E375F9 /* FaceIt.app */,
			);
			name = Products;
			sourceTree = "<group>";
		};
		CDA5777B1E1F324600E375F9 /* FaceIt */ = {
			isa = PBXGroup;
			children = (
				CDA5778E1E1F327400E375F9 /* Supporting Files */,
				CDA5777E1E1F324600E375F9 /* FaceViewController.swift */,
				CDA311A81E22C5C50065F83C /* FacialExpression.swift */,
				CDA577801E1F324600E375F9 /* Main.storyboard */,
				CDA2230C1E235D2200B4E04D /* EmotionsViewController.swift */,
				CDA5778F1E1F332A00E375F9 /* FaceView.swift */,
				CDA2230E1E24164900B4E04D /* VCL.swift */,
			);
			path = FaceIt;
			sourceTree = "<group>";
		};
		CDA5778E1E1F327400E375F9 /* Supporting Files */ = {
			isa = PBXGroup;
			children = (
				CDA5777C1E1F324600E375F9 /* AppDelegate.swift */,
				CDA577831E1F324600E375F9 /* Assets.xcassets */,
				CDA577851E1F324600E375F9 /* LaunchScreen.storyboard */,
				CDA577881E1F324600E375F9 /* Info.plist */,
			);
			name = "Supporting Files";
			sourceTree = "<group>";
		};
/* End PBXGroup section */

/* Begin PBXNativeTarget section */
		CDA577781E1F324600E375F9 /* FaceIt */ = {
			isa = PBXNativeTarget;
			buildConfigurationList = CDA5778B1E1F324600E375F9 /* Build configuration list for PBXNativeTarget "FaceIt" */;
			buildPhases = (
				CDA577751E1F324600E375F9 /* Sources */,
				CDA577761E1F324600E375F9 /* Frameworks */,
				CDA577771E1F324600E375F9 /* Resources */,
			);
			buildRules = (
			);
			dependencies = (
			);
			name = FaceIt;
			productName = FaceIt;
			productReference = CDA577791E1F324600E375F9 /* FaceIt.app */;
			productType = "com.apple.product-type.application";
		};
/* End PBXNativeTarget section */

/* Begin PBXProject section */
		CDA577711E1F324600E375F9 /* Project object */ = {
			isa = PBXProject;
			attributes = {
				LastSwiftUpdateCheck = 0720;
				LastUpgradeCheck = 0720;
				ORGANIZATIONNAME = "Patrick Murphy";
				TargetAttributes = {
					CDA577781E1F324600E375F9 = {
						CreatedOnToolsVersion = 7.2;
						DevelopmentTeam = F3D5Z4URPP;
					};
				};
			};
			buildConfigurationList = CDA577741E1F324600E375F9 /* Build configuration list for PBXProject "FaceIt" */;
			compatibilityVersion = "Xcode 3.2";
			developmentRegion = English;
			hasScannedForEncodings = 0;
			knownRegions = (
				en,
				Base,
			);
			mainGroup = CDA577701E1F324600E375F9;
			productRefGroup = CDA5777A1E1F324600E375F9 /* Products */;
			projectDirPath = "";
			projectRoot = "";
			targets = (
				CDA577781E1F324600E375F9 /* FaceIt */,
			);
		};
/* End PBXProject section */

/* Begin PBXResourcesBuildPhase section */
		CDA577771E1F324600E375F9 /* Resources */ = {
			isa = PBXResourcesBuildPhase;
			buildActionMask = 2147483647;
			files = (
				CDA577871E1F324600E375F9 /* LaunchScreen.storyboard in Resources */,
				CDA577841E1F324600E375F9 /* Assets.xcassets in Resources */,
				CDA577821E1F324600E375F9 /* Main.storyboard in Resources */,
			);
			runOnlyForDeploymentPostprocessing = 0;
		};
/* End PBXResourcesBuildPhase section */

/* Begin PBXSourcesBuildPhase section */
		CDA577751E1F324600E375F9 /* Sources */ = {
			isa = PBXSourcesBuildPhase;
			buildActionMask = 2147483647;
			files = (
				CDA311AA1E22C9790065F83C /* FaceViewController.swift in Sources */,
				CDA311AB1E22C97C0065F83C /* FacialExpression.swift in Sources */,
				CDA2230D1E235D2200B4E04D /* EmotionsViewController.swift in Sources */,
				CDA2230F1E24164900B4E04D /* VCL.swift in Sources */,
				CDA5777D1E1F324600E375F9 /* AppDelegate.swift in Sources */,
				CDA577901E1F332A00E375F9 /* FaceView.swift in Sources */,
			);
			runOnlyForDeploymentPostprocessing = 0;
		};
/* End PBXSourcesBuildPhase section */

/* Begin PBXVariantGroup section */
		CDA577801E1F324600E375F9 /* Main.storyboard */ = {
			isa = PBXVariantGroup;
			children = (
				CDA577811E1F324600E375F9 /* Base */,
			);
			name = Main.storyboard;
			sourceTree = "<group>";
		};
		CDA577851E1F324600E375F9 /* LaunchScreen.storyboard */ = {
			isa = PBXVariantGroup;
			children = (
				CDA577861E1F324600E375F9 /* Base */,
			);
			name = LaunchScreen.storyboard;
			sourceTree = "<group>";
		};
/* End PBXVariantGroup section */

/* Begin XCBuildConfiguration section */
		CDA577891E1F324600E375F9 /* Debug */ = {
			isa = XCBuildConfiguration;
			buildSettings = {
				ALWAYS_SEARCH_USER_PATHS = NO;
				CLANG_CXX_LANGUAGE_STANDARD = "gnu++0x";
				CLANG_CXX_LIBRARY = "libc++";
				CLANG_ENABLE_MODULES = YES;
				CLANG_ENABLE_OBJC_ARC = YES;
				CLANG_WARN_BOOL_CONVERSION = YES;
				CLANG_WARN_CONSTANT_CONVERSION = YES;
				CLANG_WARN_DIRECT_OBJC_ISA_USAGE = YES_ERROR;
				CLANG_WARN_EMPTY_BODY = YES;
				CLANG_WARN_ENUM_CONVERSION = YES;
				CLANG_WARN_INT_CONVERSION = YES;
				CLANG_WARN_OBJC_ROOT_CLASS = YES_ERROR;
				CLANG_WARN_UNREACHABLE_CODE = YES;
				CLANG_WARN__DUPLICATE_METHOD_MATCH = YES;
				"CODE_SIGN_IDENTITY[sdk=iphoneos*]" = "iPhone Developer";
				COPY_PHASE_STRIP = NO;
				DEBUG_INFORMATION_FORMAT = dwarf;
				ENABLE_STRICT_OBJC_MSGSEND = YES;
				ENABLE_TESTABILITY = YES;
				GCC_C_LANGUAGE_STANDARD = gnu99;
				GCC_DYNAMIC_NO_PIC = NO;
				GCC_NO_COMMON_BLOCKS = YES;
				GCC_OPTIMIZATION_LEVEL = 0;
				GCC_PREPROCESSOR_DEFINITIONS = (
					"DEBUG=1",
					"$(inherited)",
				);
				GCC_WARN_64_TO_32_BIT_CONVERSION = YES;
				GCC_WARN_ABOUT_RETURN_TYPE = YES_ERROR;
				GCC_WARN_UNDECLARED_SELECTOR = YES;
				GCC_WARN_UNINITIALIZED_AUTOS = YES_AGGRESSIVE;
				GCC_WARN_UNUSED_FUNCTION = YES;
				GCC_WARN_UNUSED_VARIABLE = YES;
				IPHONEOS_DEPLOYMENT_TARGET = 9.2;
				MTL_ENABLE_DEBUG_INFO = YES;
				ONLY_ACTIVE_ARCH = YES;
				SDKROOT = iphoneos;
				SWIFT_OPTIMIZATION_LEVEL = "-Onone";
				TARGETED_DEVICE_FAMILY = "1,2";
			};
			name = Debug;
		};
		CDA5778A1E1F324600E375F9 /* Release */ = {
			isa = XCBuildConfiguration;
			buildSettings = {
				ALWAYS_SEARCH_USER_PATHS = NO;
				CLANG_CXX_LANGUAGE_STANDARD = "gnu++0x";
				CLANG_CXX_LIBRARY = "libc++";
				CLANG_ENABLE_MODULES = YES;
				CLANG_ENABLE_OBJC_ARC = YES;
				CLANG_WARN_BOOL_CONVERSION = YES;
				CLANG_WARN_CONSTANT_CONVERSION = YES;
				CLANG_WARN_DIRECT_OBJC_ISA_USAGE = YES_ERROR;
				CLANG_WARN_EMPTY_BODY = YES;
				CLANG_WARN_ENUM_CONVERSION = YES;
				CLANG_WARN_INT_CONVERSION = YES;
				CLANG_WARN_OBJC_ROOT_CLASS = YES_ERROR;
				CLANG_WARN_UNREACHABLE_CODE = YES;
				CLANG_WARN__DUPLICATE_METHOD_MATCH = YES;
				"CODE_SIGN_IDENTITY[sdk=iphoneos*]" = "iPhone Developer";
				COPY_PHASE_STRIP = NO;
				DEBUG_INFORMATION_FORMAT = "dwarf-with-dsym";
				ENABLE_NS_ASSERTIONS = NO;
				ENABLE_STRICT_OBJC_MSGSEND = YES;
				GCC_C_LANGUAGE_STANDARD = gnu99;
				GCC_NO_COMMON_BLOCKS = YES;
				GCC_WARN_64_TO_32_BIT_CONVERSION = YES;
				GCC_WARN_ABOUT_RETURN_TYPE = YES_ERROR;
				GCC_WARN_UNDECLARED_SELECTOR = YES;
				GCC_WARN_UNINITIALIZED_AUTOS = YES_AGGRESSIVE;
				GCC_WARN_UNUSED_FUNCTION = YES;
				GCC_WARN_UNUSED_VARIABLE = YES;
				IPHONEOS_DEPLOYMENT_TARGET = 9.2;
				MTL_ENABLE_DEBUG_INFO = NO;
				SDKROOT = iphoneos;
				TARGETED_DEVICE_FAMILY = "1,2";
				VALIDATE_PRODUCT = YES;
			};
			name = Release;
		};
		CDA5778C1E1F324600E375F9 /* Debug */ = {
			isa = XCBuildConfiguration;
			buildSettings = {
				ASSETCATALOG_COMPILER_APPICON_NAME = AppIcon;
				CODE_SIGN_IDENTITY = "iPhone Developer";
				"CODE_SIGN_IDENTITY[sdk=iphoneos*]" = "iPhone Developer";
				INFOPLIST_FILE = FaceIt/Info.plist;
				IPHONEOS_DEPLOYMENT_TARGET = 9.3;
				LD_RUNPATH_SEARCH_PATHS = "$(inherited) @executable_path/Frameworks";
				PRODUCT_BUNDLE_IDENTIFIER = com.example.pkmurphy85.FaceIt;
				PRODUCT_NAME = "$(TARGET_NAME)";
				PROVISIONING_PROFILE = "";
			};
			name = Debug;
		};
		CDA5778D1E1F324600E375F9 /* Release */ = {
			isa = XCBuildConfiguration;
			buildSettings = {
				ASSETCATALOG_COMPILER_APPICON_NAME = AppIcon;
				CODE_SIGN_IDENTITY = "iPhone Developer";
				"CODE_SIGN_IDENTITY[sdk=iphoneos*]" = "iPhone Developer";
				INFOPLIST_FILE = FaceIt/Info.plist;
				IPHONEOS_DEPLOYMENT_TARGET = 9.3;
				LD_RUNPATH_SEARCH_PATHS = "$(inherited) @executable_path/Frameworks";
				PRODUCT_BUNDLE_IDENTIFIER = com.example.pkmurphy85.FaceIt;
				PRODUCT_NAME = "$(TARGET_NAME)";
				PROVISIONING_PROFILE = "";
			};
			name = Release;
		};
/* End XCBuildConfiguration section */

/* Begin XCConfigurationList section */
		CDA577741E1F324600E375F9 /* Build configuration list for PBXProject "FaceIt" */ = {
			isa = XCConfigurationList;
			buildConfigurations = (
				CDA577891E1F324600E375F9 /* Debug */,
				CDA5778A1E1F324600E375F9 /* Release */,
			);
			defaultConfigurationIsVisible = 0;
			defaultConfigurationName = Release;
		};
		CDA5778B1E1F324600E375F9 /* Build configuration list for PBXNativeTarget "FaceIt" */ = {
			isa = XCConfigurationList;
			buildConfigurations = (
				CDA5778C1E1F324600E375F9 /* Debug */,
				CDA5778D1E1F324600E375F9 /* Release */,
			);
			defaultConfigurationIsVisible = 0;
			defaultConfigurationName = Release;
		};
/* End XCConfigurationList section */
	};
	rootObject = CDA577711E1F324600E375F9 /* Project object */;
}
